github.com/go-webdl/crypto v0.0.0-20211212000000-988f6580506d h1:yLSNvuN4gmtGhKDl9olzIrCwPM9nwWtTLV3dok4djrs=
github.com/go-webdl/crypto v0.0.0-20211212000000-988f6580506d/go.mod h1:4wy2GjeMixTFOBHWYZazchRgkG4dBK5JIJ72qsgtfbQ=
github.com/go-webdl/jsonrpc v0.0.0-20211211000000-737d1c2b1cee h1:qGELKMO9Zt0OWbk5SiIle3/rbs0yP/2lN4TgJMQW8m4=
github.com/go-webdl/jsonrpc v0.0.0-20211211000000-737d1c2b1cee/go.mod h1:Sa9FW7Fp67cB2kz5DajwHqyVTY3nW2QJJVyJjBK2+8w=
github.com/golang/protobuf v1.5.0/go.mod h1:FsONVRAS9T7sI+LIUmWTfcYkHO4aIWwzhcaSAoJOfIk=
github.com/google/go-cmp v0.5.5/go.mod h1:v8dTdLbMG2kIc/vJvl+f65V22dbkXbowE6jgT/gNBxE=
github.com/google/go-cmp v0.5.8 h1:e6P7q2lk1O+qJJb4BtCQXlK8vWEO8V1ZeuEdJNOqZyg=
golang.org/x/crypto v0.0.0-20220817201139-bc19a97f63c8 h1:GIAS/yBem/gq2MUqgNIzUHW7cJMmx3TGZOrnyYaNQ6c=
golang.org/x/sys v0.0.0-20220818161305-2296e01440c6 h1:Sx/u41w+OwrInGdEckYmEuU5gHoGSL4QbDz3S9s6j4U=
golang.org/x/xerrors v0.0.0-20191204190536-9bdfabe68543/go.mod h1:I/5z698sn9Ka8TeJc9MKroUUfqBBauWjQqLJ2OPfmY0=
google.golang.org/protobuf v1.26.0-rc.1/go.mod h1:jlhhOSvTdKEhbULTjvd4ARK9grFBp09yW+WbY/TyQbw=
google.golang.org/protobuf v1.27.1 h1:SnqbnDw1V7RiZcXPx5MEeqPv2s79L9i7BJUlG/+RurQ=
google.golang.org/protobuf v1.27.1/go.mod h1:9q0QmTI4eRPtz6boOQmLYwt+qCgq0jsYwAQnmE0givc=
